
Microsoft Visual Studio Solution File, Format Version 12.00
# Visual Studio Version 17
VisualStudioVersion = 17.11.35208.52
MinimumVisualStudioVersion = 10.0.40219.1
Project("{FAE04EC0-301F-11D3-BF4B-00C04F79EFBC}") = "FaceRecognition", "FaceRecognition\FaceRecognition.csproj", "{CC1E87A6-DDBD-4BD2-A8AA-3AE83A59C68D}"
EndProject
Global
	GlobalSection(SolutionConfigurationPlatforms) = preSolution
		Debug|Any CPU = Debug|Any CPU
		Release|Any CPU = Release|Any CPU
	EndGlobalSection
	GlobalSection(ProjectConfigurationPlatforms) = postSolution
		{CC1E87A6-DDBD-4BD2-A8AA-3AE83A59C68D}.Debug|Any CPU.ActiveCfg = Debug|Any CPU
		{CC1E87A6-DDBD-4BD2-A8AA-3AE83A59C68D}.Debug|Any CPU.Build.0 = Debug|Any CPU
		{CC1E87A6-DDBD-4BD2-A8AA-3AE83A59C68D}.Release|Any CPU.ActiveCfg = Release|Any CPU
		{CC1E87A6-DDBD-4BD2-A8AA-3AE83A59C68D}.Release|Any CPU.Build.0 = Release|Any CPU
	EndGlobalSection
	GlobalSection(SolutionProperties) = preSolution
		HideSolutionNode = FALSE
	EndGlobalSection
	GlobalSection(ExtensibilityGlobals) = postSolution
		SolutionGuid = {BA59B6D6-8C74-448B-A53F-0A2F5F5843DB}
	EndGlobalSection
EndGlobal
